
Microsoft Visual Studio Solution File, Format Version 12.00
# Visual Studio Version 17
VisualStudioVersion = 17.2.32616.157
MinimumVisualStudioVersion = 10.0.40219.1
Project("{FAE04EC0-301F-11D3-BF4B-00C04F79EFBC}") = "Battleships", "Battleships\Battleships.csproj", "{24789B50-AF1F-4DC8-B25C-B783365137D1}"
EndProject
Global
	GlobalSection(SolutionConfigurationPlatforms) = preSolution
		Debug|Any CPU = Debug|Any CPU
		Release|Any CPU = Release|Any CPU
	EndGlobalSection
	GlobalSection(ProjectConfigurationPlatforms) = postSolution
		{24789B50-AF1F-4DC8-B25C-B783365137D1}.Debug|Any CPU.ActiveCfg = Debug|Any CPU
		{24789B50-AF1F-4DC8-B25C-B783365137D1}.Debug|Any CPU.Build.0 = Debug|Any CPU
		{24789B50-AF1F-4DC8-B25C-B783365137D1}.Release|Any CPU.ActiveCfg = Release|Any CPU
		{24789B50-AF1F-4DC8-B25C-B783365137D1}.Release|Any CPU.Build.0 = Release|Any CPU
	EndGlobalSection
	GlobalSection(SolutionProperties) = preSolution
		HideSolutionNode = FALSE
	EndGlobalSection
	GlobalSection(ExtensibilityGlobals) = postSolution
		SolutionGuid = {0B2B0F91-BDD9-4E05-BF5D-F63C34F79D67}
	EndGlobalSection
EndGlobal
